
Microsoft Visual Studio Solution File, Format Version 12.00
# Visual Studio Version 16
VisualStudioVersion = 16.0.30011.22
MinimumVisualStudioVersion = 10.0.40219.1
Project("{FAE04EC0-301F-11D3-BF4B-00C04F79EFBC}") = "p4lab6", "p4lab6\p4lab6.csproj", "{CCA45095-BC19-4089-9C6C-4DE660159CB3}"
EndProject
Global
	GlobalSection(SolutionConfigurationPlatforms) = preSolution
		Debug|Any CPU = Debug|Any CPU
		Release|Any CPU = Release|Any CPU
	EndGlobalSection
	GlobalSection(ProjectConfigurationPlatforms) = postSolution
		{CCA45095-BC19-4089-9C6C-4DE660159CB3}.Debug|Any CPU.ActiveCfg = Debug|Any CPU
		{CCA45095-BC19-4089-9C6C-4DE660159CB3}.Debug|Any CPU.Build.0 = Debug|Any CPU
		{CCA45095-BC19-4089-9C6C-4DE660159CB3}.Release|Any CPU.ActiveCfg = Release|Any CPU
		{CCA45095-BC19-4089-9C6C-4DE660159CB3}.Release|Any CPU.Build.0 = Release|Any CPU
	EndGlobalSection
	GlobalSection(SolutionProperties) = preSolution
		HideSolutionNode = FALSE
	EndGlobalSection
	GlobalSection(ExtensibilityGlobals) = postSolution
		SolutionGuid = {5C0DEC95-19CF-4C69-8158-60F79AD5E318}
	EndGlobalSection
EndGlobal
